
Microsoft Visual Studio Solution File, Format Version 12.00
# Visual Studio Version 17
VisualStudioVersion = 17.11.35312.102
MinimumVisualStudioVersion = 10.0.40219.1
Project("{FAE04EC0-301F-11D3-BF4B-00C04F79EFBC}") = "MauiAppMeuCombustivel", "MauiAppMeuCombustivel\MauiAppMeuCombustivel.csproj", "{274B61AF-C1A0-4DBB-8ABD-1A1FDCEEF238}"
EndProject
Global
	GlobalSection(SolutionConfigurationPlatforms) = preSolution
		Debug|Any CPU = Debug|Any CPU
		Release|Any CPU = Release|Any CPU
	EndGlobalSection
	GlobalSection(ProjectConfigurationPlatforms) = postSolution
		{274B61AF-C1A0-4DBB-8ABD-1A1FDCEEF238}.Debug|Any CPU.ActiveCfg = Debug|Any CPU
		{274B61AF-C1A0-4DBB-8ABD-1A1FDCEEF238}.Debug|Any CPU.Build.0 = Debug|Any CPU
		{274B61AF-C1A0-4DBB-8ABD-1A1FDCEEF238}.Debug|Any CPU.Deploy.0 = Debug|Any CPU
		{274B61AF-C1A0-4DBB-8ABD-1A1FDCEEF238}.Release|Any CPU.ActiveCfg = Release|Any CPU
		{274B61AF-C1A0-4DBB-8ABD-1A1FDCEEF238}.Release|Any CPU.Build.0 = Release|Any CPU
		{274B61AF-C1A0-4DBB-8ABD-1A1FDCEEF238}.Release|Any CPU.Deploy.0 = Release|Any CPU
	EndGlobalSection
	GlobalSection(SolutionProperties) = preSolution
		HideSolutionNode = FALSE
	EndGlobalSection
	GlobalSection(ExtensibilityGlobals) = postSolution
		SolutionGuid = {55C1A4F4-02CC-486B-A59E-A1FFC3B80797}
	EndGlobalSection
EndGlobal
